
Microsoft Visual Studio Solution File, Format Version 12.00
# Visual Studio Version 16
VisualStudioVersion = 16.0.31129.286
MinimumVisualStudioVersion = 10.0.40219.1
Project("{FAE04EC0-301F-11D3-BF4B-00C04F79EFBC}") = "BasicChatServer", "BasicChatServer\BasicChatServer.csproj", "{F1C521E8-C523-47DC-8AEB-1F5847BD8AF6}"
EndProject
Project("{FAE04EC0-301F-11D3-BF4B-00C04F79EFBC}") = "BasicChat", "BasicChat\BasicChat.csproj", "{17AA4A5A-E23C-4EA2-85F3-3BE3A776992C}"
EndProject
Global
	GlobalSection(SolutionConfigurationPlatforms) = preSolution
		Debug|Any CPU = Debug|Any CPU
		Release|Any CPU = Release|Any CPU
	EndGlobalSection
	GlobalSection(ProjectConfigurationPlatforms) = postSolution
		{F1C521E8-C523-47DC-8AEB-1F5847BD8AF6}.Debug|Any CPU.ActiveCfg = Debug|Any CPU
		{F1C521E8-C523-47DC-8AEB-1F5847BD8AF6}.Debug|Any CPU.Build.0 = Debug|Any CPU
		{F1C521E8-C523-47DC-8AEB-1F5847BD8AF6}.Release|Any CPU.ActiveCfg = Release|Any CPU
		{F1C521E8-C523-47DC-8AEB-1F5847BD8AF6}.Release|Any CPU.Build.0 = Release|Any CPU
		{17AA4A5A-E23C-4EA2-85F3-3BE3A776992C}.Debug|Any CPU.ActiveCfg = Debug|Any CPU
		{17AA4A5A-E23C-4EA2-85F3-3BE3A776992C}.Debug|Any CPU.Build.0 = Debug|Any CPU
		{17AA4A5A-E23C-4EA2-85F3-3BE3A776992C}.Release|Any CPU.ActiveCfg = Release|Any CPU
		{17AA4A5A-E23C-4EA2-85F3-3BE3A776992C}.Release|Any CPU.Build.0 = Release|Any CPU
	EndGlobalSection
	GlobalSection(SolutionProperties) = preSolution
		HideSolutionNode = FALSE
	EndGlobalSection
	GlobalSection(ExtensibilityGlobals) = postSolution
		SolutionGuid = {99661461-A2AF-4F2D-AE9D-90B91C7DE698}
	EndGlobalSection
EndGlobal
